{
  "name": "firearm",
  "version": "0.0.12",
  "lockfileVersion": 1,
  "requires": true,
  "dependencies": {
    "pre-push": {
      "version": "0.1.1",
      "resolved": "https://registry.npmjs.org/pre-push/-/pre-push-0.1.1.tgz",
      "integrity": "sha1-Kip5gn0kOnbJEImJescH9F5xaqw=",
      "dev": true,
      "requires": {
        "shelljs": "0.3.x"
      }
    },
    "shelljs": {
      "version": "0.3.0",
      "resolved": "https://registry.npmjs.org/shelljs/-/shelljs-0.3.0.tgz",
      "integrity": "sha1-NZbmMHp4FUT1kfN9phg2DzHbV7E=",
      "dev": true
    }
  }
}
